
Microsoft Visual Studio Solution File, Format Version 12.00
# Visual Studio 2012
Project("{FAE04EC0-301F-11D3-BF4B-00C04F79EFBC}") = "Courier Management system", "Courier Management system\Courier Management system.csproj", "{FDF2D1B8-98AD-4A37-B70E-35AFCC40EAB4}"
EndProject
Global
	GlobalSection(SolutionConfigurationPlatforms) = preSolution
		Debug|Any CPU = Debug|Any CPU
		Release|Any CPU = Release|Any CPU
	EndGlobalSection
	GlobalSection(ProjectConfigurationPlatforms) = postSolution
		{FDF2D1B8-98AD-4A37-B70E-35AFCC40EAB4}.Debug|Any CPU.ActiveCfg = Debug|Any CPU
		{FDF2D1B8-98AD-4A37-B70E-35AFCC40EAB4}.Debug|Any CPU.Build.0 = Debug|Any CPU
		{FDF2D1B8-98AD-4A37-B70E-35AFCC40EAB4}.Release|Any CPU.ActiveCfg = Release|Any CPU
		{FDF2D1B8-98AD-4A37-B70E-35AFCC40EAB4}.Release|Any CPU.Build.0 = Release|Any CPU
	EndGlobalSection
	GlobalSection(SolutionProperties) = preSolution
		HideSolutionNode = FALSE
	EndGlobalSection
EndGlobal
